
Microsoft Visual Studio Solution File, Format Version 12.00
# Visual Studio Version 17
VisualStudioVersion = 17.10.35122.118
MinimumVisualStudioVersion = 10.0.40219.1
Project("{FAE04EC0-301F-11D3-BF4B-00C04F79EFBC}") = "Array basics", "Array basics.csproj", "{89C29937-A5A7-4A23-9F6E-6F7BACF23138}"
EndProject
Global
	GlobalSection(SolutionConfigurationPlatforms) = preSolution
		Debug|Any CPU = Debug|Any CPU
		Release|Any CPU = Release|Any CPU
	EndGlobalSection
	GlobalSection(ProjectConfigurationPlatforms) = postSolution
		{89C29937-A5A7-4A23-9F6E-6F7BACF23138}.Debug|Any CPU.ActiveCfg = Debug|Any CPU
		{89C29937-A5A7-4A23-9F6E-6F7BACF23138}.Debug|Any CPU.Build.0 = Debug|Any CPU
		{89C29937-A5A7-4A23-9F6E-6F7BACF23138}.Release|Any CPU.ActiveCfg = Release|Any CPU
		{89C29937-A5A7-4A23-9F6E-6F7BACF23138}.Release|Any CPU.Build.0 = Release|Any CPU
	EndGlobalSection
	GlobalSection(SolutionProperties) = preSolution
		HideSolutionNode = FALSE
	EndGlobalSection
	GlobalSection(ExtensibilityGlobals) = postSolution
		SolutionGuid = {A291522E-6EDD-4DAF-BAF9-123ADE40958B}
	EndGlobalSection
EndGlobal
